
Microsoft Visual Studio Solution File, Format Version 12.00
# Visual Studio Version 16
VisualStudioVersion = 16.0.32413.511
MinimumVisualStudioVersion = 10.0.40219.1
Project("{9A19103F-16F7-4668-BE54-9A1E7A4F7556}") = "MDD4All.SpecIf.Microservice", "MDD4All.SpecIf.Microservice.csproj", "{1A55DCD2-AFAE-4DEF-98A7-0B8A38215142}"
EndProject
Global
	GlobalSection(SolutionConfigurationPlatforms) = preSolution
		Debug|Any CPU = Debug|Any CPU
		Debug|x64 = Debug|x64
		Release|Any CPU = Release|Any CPU
		Release|x64 = Release|x64
	EndGlobalSection
	GlobalSection(ProjectConfigurationPlatforms) = postSolution
		{1A55DCD2-AFAE-4DEF-98A7-0B8A38215142}.Debug|Any CPU.ActiveCfg = Debug|Any CPU
		{1A55DCD2-AFAE-4DEF-98A7-0B8A38215142}.Debug|Any CPU.Build.0 = Debug|Any CPU
		{1A55DCD2-AFAE-4DEF-98A7-0B8A38215142}.Debug|x64.ActiveCfg = Debug|x64
		{1A55DCD2-AFAE-4DEF-98A7-0B8A38215142}.Debug|x64.Build.0 = Debug|x64
		{1A55DCD2-AFAE-4DEF-98A7-0B8A38215142}.Release|Any CPU.ActiveCfg = Release|Any CPU
		{1A55DCD2-AFAE-4DEF-98A7-0B8A38215142}.Release|Any CPU.Build.0 = Release|Any CPU
		{1A55DCD2-AFAE-4DEF-98A7-0B8A38215142}.Release|x64.ActiveCfg = Release|x64
		{1A55DCD2-AFAE-4DEF-98A7-0B8A38215142}.Release|x64.Build.0 = Release|x64
	EndGlobalSection
	GlobalSection(SolutionProperties) = preSolution
		HideSolutionNode = FALSE
	EndGlobalSection
	GlobalSection(ExtensibilityGlobals) = postSolution
		SolutionGuid = {51364AC8-DC8C-468B-A742-4A795F8E41E7}
	EndGlobalSection
EndGlobal
